
Microsoft Visual Studio Solution File, Format Version 12.00
# Visual Studio 15
VisualStudioVersion = 15.0.33026.149
MinimumVisualStudioVersion = 10.0.40219.1
Project("{FAE04EC0-301F-11D3-BF4B-00C04F79EFBC}") = "Yakit_Takip_Sistemi", "Istasyon_Benzin\Yakit_Takip_Sistemi.csproj", "{B2DA52CF-9802-459A-87C5-70C9B2E0D98D}"
EndProject
Global
	GlobalSection(SolutionConfigurationPlatforms) = preSolution
		Debug|Any CPU = Debug|Any CPU
		Release|Any CPU = Release|Any CPU
	EndGlobalSection
	GlobalSection(ProjectConfigurationPlatforms) = postSolution
		{B2DA52CF-9802-459A-87C5-70C9B2E0D98D}.Debug|Any CPU.ActiveCfg = Debug|Any CPU
		{B2DA52CF-9802-459A-87C5-70C9B2E0D98D}.Debug|Any CPU.Build.0 = Debug|Any CPU
		{B2DA52CF-9802-459A-87C5-70C9B2E0D98D}.Release|Any CPU.ActiveCfg = Release|Any CPU
		{B2DA52CF-9802-459A-87C5-70C9B2E0D98D}.Release|Any CPU.Build.0 = Release|Any CPU
	EndGlobalSection
	GlobalSection(SolutionProperties) = preSolution
		HideSolutionNode = FALSE
	EndGlobalSection
	GlobalSection(ExtensibilityGlobals) = postSolution
		SolutionGuid = {436CD9FF-7F97-4650-9F2E-BF213E4372E8}
	EndGlobalSection
EndGlobal
